
Microsoft Visual Studio Solution File, Format Version 12.00
# Visual Studio 15
VisualStudioVersion = 15.0.27703.2026
MinimumVisualStudioVersion = 10.0.40219.1
Project("{9A19103F-16F7-4668-BE54-9A1E7A4F7556}") = "GamesServer.Services", "GamesServer\GamesServer.Services.csproj", "{0B017728-F15A-4597-977B-B5C6EE9C52CA}"
EndProject
Project("{9A19103F-16F7-4668-BE54-9A1E7A4F7556}") = "GamesServer.DAL", "GamesServer.DAL\GamesServer.DAL.csproj", "{227B2698-C2F5-4CE5-989A-BD018399A855}"
EndProject
Project("{FAE04EC0-301F-11D3-BF4B-00C04F79EFBC}") = "GamesServer.BLL", "GamesServer.BLL\GamesServer.BLL.csproj", "{D8285BF0-F75F-44FD-A4A4-26AE9667CC64}"
EndProject
Global
	GlobalSection(SolutionConfigurationPlatforms) = preSolution
		Debug|Any CPU = Debug|Any CPU
		Release|Any CPU = Release|Any CPU
	EndGlobalSection
	GlobalSection(ProjectConfigurationPlatforms) = postSolution
		{0B017728-F15A-4597-977B-B5C6EE9C52CA}.Debug|Any CPU.ActiveCfg = Debug|Any CPU
		{0B017728-F15A-4597-977B-B5C6EE9C52CA}.Debug|Any CPU.Build.0 = Debug|Any CPU
		{0B017728-F15A-4597-977B-B5C6EE9C52CA}.Release|Any CPU.ActiveCfg = Release|Any CPU
		{0B017728-F15A-4597-977B-B5C6EE9C52CA}.Release|Any CPU.Build.0 = Release|Any CPU
		{227B2698-C2F5-4CE5-989A-BD018399A855}.Debug|Any CPU.ActiveCfg = Debug|Any CPU
		{227B2698-C2F5-4CE5-989A-BD018399A855}.Debug|Any CPU.Build.0 = Debug|Any CPU
		{227B2698-C2F5-4CE5-989A-BD018399A855}.Release|Any CPU.ActiveCfg = Release|Any CPU
		{227B2698-C2F5-4CE5-989A-BD018399A855}.Release|Any CPU.Build.0 = Release|Any CPU
		{D8285BF0-F75F-44FD-A4A4-26AE9667CC64}.Debug|Any CPU.ActiveCfg = Debug|Any CPU
		{D8285BF0-F75F-44FD-A4A4-26AE9667CC64}.Debug|Any CPU.Build.0 = Debug|Any CPU
		{D8285BF0-F75F-44FD-A4A4-26AE9667CC64}.Release|Any CPU.ActiveCfg = Release|Any CPU
		{D8285BF0-F75F-44FD-A4A4-26AE9667CC64}.Release|Any CPU.Build.0 = Release|Any CPU
	EndGlobalSection
	GlobalSection(SolutionProperties) = preSolution
		HideSolutionNode = FALSE
	EndGlobalSection
	GlobalSection(ExtensibilityGlobals) = postSolution
		SolutionGuid = {39BEBBD8-2AEE-4851-A170-A6D1EB51001A}
	EndGlobalSection
EndGlobal
